
Microsoft Visual Studio Solution File, Format Version 12.00
# Visual Studio Version 17
VisualStudioVersion = 17.5.2.0
MinimumVisualStudioVersion = 10.0.40219.1
Project("{2150E333-8FDC-42A3-9474-1A3956D46DE8}") = "CustomerService", "CustomerService", "{2FA8F305-DE38-4927-6B72-6521E67971D8}"
EndProject
Project("{2150E333-8FDC-42A3-9474-1A3956D46DE8}") = "OrderService", "OrderService", "{1CDB8257-D98E-AF38-204D-5645D4EEB404}"
EndProject
Project("{FAE04EC0-301F-11D3-BF4B-00C04F79EFBC}") = "CustomerService.Api", "CustomerService\CustomerService.Api\CustomerService.Api.csproj", "{B10B4CE1-1EC6-1B08-1171-83B1F4065998}"
EndProject
Project("{FAE04EC0-301F-11D3-BF4B-00C04F79EFBC}") = "OrderService.Api", "OrderService\OrderService.Api\OrderService.Api.csproj", "{CDFA81E8-979B-BA2D-9FA5-BBDE9D7E0021}"
EndProject
Project("{2150E333-8FDC-42A3-9474-1A3956D46DE8}") = "ProductService", "ProductService", "{74B0D46A-C2A4-54DC-F940-E5841734F66C}"
EndProject
Project("{FAE04EC0-301F-11D3-BF4B-00C04F79EFBC}") = "ProductService.Api", "ProductService\ProductService.Api\ProductService.Api.csproj", "{C25B8919-6437-4188-AE22-2954721768A9}"
EndProject
Project("{2150E333-8FDC-42A3-9474-1A3956D46DE8}") = "NotificationService", "NotificationService", "{0BAE62A9-2200-0262-2CB5-8EE825167370}"
EndProject
Project("{FAE04EC0-301F-11D3-BF4B-00C04F79EFBC}") = "NotificationService.Api", "NotificationService\NotificationService.Api\NotificationService.Api.csproj", "{824A5911-19D8-4FA7-BF82-AA75C35D41B9}"
EndProject
Project("{2150E333-8FDC-42A3-9474-1A3956D46DE8}") = "CartService", "CartService", "{D4E598A0-54D5-ABF3-9A02-D725A2588835}"
EndProject
Project("{FAE04EC0-301F-11D3-BF4B-00C04F79EFBC}") = "CartService.Api", "CartService\CartService.Api\CartService.Api.csproj", "{579324D3-9E1B-40C9-BEF5-6161A6790B58}"
EndProject
Project("{2150E333-8FDC-42A3-9474-1A3956D46DE8}") = "PaymentService", "PaymentService", "{BB3827F1-F3A2-E5D7-C0A8-E90CBCD5CE04}"
EndProject
Project("{FAE04EC0-301F-11D3-BF4B-00C04F79EFBC}") = "PaymentService.Api", "PaymentService\PaymentService.Api\PaymentService.Api.csproj", "{D74B69A8-474C-453D-8AE3-EE855E8380C7}"
EndProject
Project("{2150E333-8FDC-42A3-9474-1A3956D46DE8}") = "WebFrontend", "WebFrontend", "{C25702DB-39A4-0CB6-A032-8FAD1E825EAA}"
EndProject
Project("{FAE04EC0-301F-11D3-BF4B-00C04F79EFBC}") = "WebFrontend", "WebFrontend\WebFrontend\WebFrontend.csproj", "{72864FD9-ED91-416E-BCBC-2CACB2615370}"
EndProject
Global
	GlobalSection(SolutionConfigurationPlatforms) = preSolution
		Debug|Any CPU = Debug|Any CPU
		Debug|x64 = Debug|x64
		Debug|x86 = Debug|x86
		Release|Any CPU = Release|Any CPU
		Release|x64 = Release|x64
		Release|x86 = Release|x86
	EndGlobalSection
	GlobalSection(ProjectConfigurationPlatforms) = postSolution
		{B10B4CE1-1EC6-1B08-1171-83B1F4065998}.Debug|Any CPU.ActiveCfg = Debug|Any CPU
		{B10B4CE1-1EC6-1B08-1171-83B1F4065998}.Debug|Any CPU.Build.0 = Debug|Any CPU
		{B10B4CE1-1EC6-1B08-1171-83B1F4065998}.Debug|x64.ActiveCfg = Debug|Any CPU
		{B10B4CE1-1EC6-1B08-1171-83B1F4065998}.Debug|x64.Build.0 = Debug|Any CPU
		{B10B4CE1-1EC6-1B08-1171-83B1F4065998}.Debug|x86.ActiveCfg = Debug|Any CPU
		{B10B4CE1-1EC6-1B08-1171-83B1F4065998}.Debug|x86.Build.0 = Debug|Any CPU
		{B10B4CE1-1EC6-1B08-1171-83B1F4065998}.Release|Any CPU.ActiveCfg = Release|Any CPU
		{B10B4CE1-1EC6-1B08-1171-83B1F4065998}.Release|Any CPU.Build.0 = Release|Any CPU
		{B10B4CE1-1EC6-1B08-1171-83B1F4065998}.Release|x64.ActiveCfg = Release|Any CPU
		{B10B4CE1-1EC6-1B08-1171-83B1F4065998}.Release|x64.Build.0 = Release|Any CPU
		{B10B4CE1-1EC6-1B08-1171-83B1F4065998}.Release|x86.ActiveCfg = Release|Any CPU
		{B10B4CE1-1EC6-1B08-1171-83B1F4065998}.Release|x86.Build.0 = Release|Any CPU
		{CDFA81E8-979B-BA2D-9FA5-BBDE9D7E0021}.Debug|Any CPU.ActiveCfg = Debug|Any CPU
		{CDFA81E8-979B-BA2D-9FA5-BBDE9D7E0021}.Debug|Any CPU.Build.0 = Debug|Any CPU
		{CDFA81E8-979B-BA2D-9FA5-BBDE9D7E0021}.Debug|x64.ActiveCfg = Debug|Any CPU
		{CDFA81E8-979B-BA2D-9FA5-BBDE9D7E0021}.Debug|x64.Build.0 = Debug|Any CPU
		{CDFA81E8-979B-BA2D-9FA5-BBDE9D7E0021}.Debug|x86.ActiveCfg = Debug|Any CPU
		{CDFA81E8-979B-BA2D-9FA5-BBDE9D7E0021}.Debug|x86.Build.0 = Debug|Any CPU
		{CDFA81E8-979B-BA2D-9FA5-BBDE9D7E0021}.Release|Any CPU.ActiveCfg = Release|Any CPU
		{CDFA81E8-979B-BA2D-9FA5-BBDE9D7E0021}.Release|Any CPU.Build.0 = Release|Any CPU
		{CDFA81E8-979B-BA2D-9FA5-BBDE9D7E0021}.Release|x64.ActiveCfg = Release|Any CPU
		{CDFA81E8-979B-BA2D-9FA5-BBDE9D7E0021}.Release|x64.Build.0 = Release|Any CPU
		{CDFA81E8-979B-BA2D-9FA5-BBDE9D7E0021}.Release|x86.ActiveCfg = Release|Any CPU
		{CDFA81E8-979B-BA2D-9FA5-BBDE9D7E0021}.Release|x86.Build.0 = Release|Any CPU
		{C25B8919-6437-4188-AE22-2954721768A9}.Debug|Any CPU.ActiveCfg = Debug|Any CPU
		{C25B8919-6437-4188-AE22-2954721768A9}.Debug|Any CPU.Build.0 = Debug|Any CPU
		{C25B8919-6437-4188-AE22-2954721768A9}.Debug|x64.ActiveCfg = Debug|Any CPU
		{C25B8919-6437-4188-AE22-2954721768A9}.Debug|x64.Build.0 = Debug|Any CPU
		{C25B8919-6437-4188-AE22-2954721768A9}.Debug|x86.ActiveCfg = Debug|Any CPU
		{C25B8919-6437-4188-AE22-2954721768A9}.Debug|x86.Build.0 = Debug|Any CPU
		{C25B8919-6437-4188-AE22-2954721768A9}.Release|Any CPU.ActiveCfg = Release|Any CPU
		{C25B8919-6437-4188-AE22-2954721768A9}.Release|Any CPU.Build.0 = Release|Any CPU
		{C25B8919-6437-4188-AE22-2954721768A9}.Release|x64.ActiveCfg = Release|Any CPU
		{C25B8919-6437-4188-AE22-2954721768A9}.Release|x64.Build.0 = Release|Any CPU
		{C25B8919-6437-4188-AE22-2954721768A9}.Release|x86.ActiveCfg = Release|Any CPU
		{C25B8919-6437-4188-AE22-2954721768A9}.Release|x86.Build.0 = Release|Any CPU
		{824A5911-19D8-4FA7-BF82-AA75C35D41B9}.Debug|Any CPU.ActiveCfg = Debug|Any CPU
		{824A5911-19D8-4FA7-BF82-AA75C35D41B9}.Debug|Any CPU.Build.0 = Debug|Any CPU
		{824A5911-19D8-4FA7-BF82-AA75C35D41B9}.Debug|x64.ActiveCfg = Debug|Any CPU
		{824A5911-19D8-4FA7-BF82-AA75C35D41B9}.Debug|x64.Build.0 = Debug|Any CPU
		{824A5911-19D8-4FA7-BF82-AA75C35D41B9}.Debug|x86.ActiveCfg = Debug|Any CPU
		{824A5911-19D8-4FA7-BF82-AA75C35D41B9}.Debug|x86.Build.0 = Debug|Any CPU
		{824A5911-19D8-4FA7-BF82-AA75C35D41B9}.Release|Any CPU.ActiveCfg = Release|Any CPU
		{824A5911-19D8-4FA7-BF82-AA75C35D41B9}.Release|Any CPU.Build.0 = Release|Any CPU
		{824A5911-19D8-4FA7-BF82-AA75C35D41B9}.Release|x64.ActiveCfg = Release|Any CPU
		{824A5911-19D8-4FA7-BF82-AA75C35D41B9}.Release|x64.Build.0 = Release|Any CPU
		{824A5911-19D8-4FA7-BF82-AA75C35D41B9}.Release|x86.ActiveCfg = Release|Any CPU
		{824A5911-19D8-4FA7-BF82-AA75C35D41B9}.Release|x86.Build.0 = Release|Any CPU
		{579324D3-9E1B-40C9-BEF5-6161A6790B58}.Debug|Any CPU.ActiveCfg = Debug|Any CPU
		{579324D3-9E1B-40C9-BEF5-6161A6790B58}.Debug|Any CPU.Build.0 = Debug|Any CPU
		{579324D3-9E1B-40C9-BEF5-6161A6790B58}.Debug|x64.ActiveCfg = Debug|Any CPU
		{579324D3-9E1B-40C9-BEF5-6161A6790B58}.Debug|x64.Build.0 = Debug|Any CPU
		{579324D3-9E1B-40C9-BEF5-6161A6790B58}.Debug|x86.ActiveCfg = Debug|Any CPU
		{579324D3-9E1B-40C9-BEF5-6161A6790B58}.Debug|x86.Build.0 = Debug|Any CPU
		{579324D3-9E1B-40C9-BEF5-6161A6790B58}.Release|Any CPU.ActiveCfg = Release|Any CPU
		{579324D3-9E1B-40C9-BEF5-6161A6790B58}.Release|Any CPU.Build.0 = Release|Any CPU
		{579324D3-9E1B-40C9-BEF5-6161A6790B58}.Release|x64.ActiveCfg = Release|Any CPU
		{579324D3-9E1B-40C9-BEF5-6161A6790B58}.Release|x64.Build.0 = Release|Any CPU
		{579324D3-9E1B-40C9-BEF5-6161A6790B58}.Release|x86.ActiveCfg = Release|Any CPU
		{579324D3-9E1B-40C9-BEF5-6161A6790B58}.Release|x86.Build.0 = Release|Any CPU
		{D74B69A8-474C-453D-8AE3-EE855E8380C7}.Debug|Any CPU.ActiveCfg = Debug|Any CPU
		{D74B69A8-474C-453D-8AE3-EE855E8380C7}.Debug|Any CPU.Build.0 = Debug|Any CPU
		{D74B69A8-474C-453D-8AE3-EE855E8380C7}.Debug|x64.ActiveCfg = Debug|Any CPU
		{D74B69A8-474C-453D-8AE3-EE855E8380C7}.Debug|x64.Build.0 = Debug|Any CPU
		{D74B69A8-474C-453D-8AE3-EE855E8380C7}.Debug|x86.ActiveCfg = Debug|Any CPU
		{D74B69A8-474C-453D-8AE3-EE855E8380C7}.Debug|x86.Build.0 = Debug|Any CPU
		{D74B69A8-474C-453D-8AE3-EE855E8380C7}.Release|Any CPU.ActiveCfg = Release|Any CPU
		{D74B69A8-474C-453D-8AE3-EE855E8380C7}.Release|Any CPU.Build.0 = Release|Any CPU
		{D74B69A8-474C-453D-8AE3-EE855E8380C7}.Release|x64.ActiveCfg = Release|Any CPU
		{D74B69A8-474C-453D-8AE3-EE855E8380C7}.Release|x64.Build.0 = Release|Any CPU
		{D74B69A8-474C-453D-8AE3-EE855E8380C7}.Release|x86.ActiveCfg = Release|Any CPU
		{D74B69A8-474C-453D-8AE3-EE855E8380C7}.Release|x86.Build.0 = Release|Any CPU
		{72864FD9-ED91-416E-BCBC-2CACB2615370}.Debug|Any CPU.ActiveCfg = Debug|Any CPU
		{72864FD9-ED91-416E-BCBC-2CACB2615370}.Debug|Any CPU.Build.0 = Debug|Any CPU
		{72864FD9-ED91-416E-BCBC-2CACB2615370}.Debug|x64.ActiveCfg = Debug|Any CPU
		{72864FD9-ED91-416E-BCBC-2CACB2615370}.Debug|x64.Build.0 = Debug|Any CPU
		{72864FD9-ED91-416E-BCBC-2CACB2615370}.Debug|x86.ActiveCfg = Debug|Any CPU
		{72864FD9-ED91-416E-BCBC-2CACB2615370}.Debug|x86.Build.0 = Debug|Any CPU
		{72864FD9-ED91-416E-BCBC-2CACB2615370}.Release|Any CPU.ActiveCfg = Release|Any CPU
		{72864FD9-ED91-416E-BCBC-2CACB2615370}.Release|Any CPU.Build.0 = Release|Any CPU
		{72864FD9-ED91-416E-BCBC-2CACB2615370}.Release|x64.ActiveCfg = Release|Any CPU
		{72864FD9-ED91-416E-BCBC-2CACB2615370}.Release|x64.Build.0 = Release|Any CPU
		{72864FD9-ED91-416E-BCBC-2CACB2615370}.Release|x86.ActiveCfg = Release|Any CPU
		{72864FD9-ED91-416E-BCBC-2CACB2615370}.Release|x86.Build.0 = Release|Any CPU
	EndGlobalSection
	GlobalSection(SolutionProperties) = preSolution
		HideSolutionNode = FALSE
	EndGlobalSection
	GlobalSection(NestedProjects) = preSolution
		{B10B4CE1-1EC6-1B08-1171-83B1F4065998} = {2FA8F305-DE38-4927-6B72-6521E67971D8}
		{CDFA81E8-979B-BA2D-9FA5-BBDE9D7E0021} = {1CDB8257-D98E-AF38-204D-5645D4EEB404}
		{C25B8919-6437-4188-AE22-2954721768A9} = {74B0D46A-C2A4-54DC-F940-E5841734F66C}
		{824A5911-19D8-4FA7-BF82-AA75C35D41B9} = {0BAE62A9-2200-0262-2CB5-8EE825167370}
		{579324D3-9E1B-40C9-BEF5-6161A6790B58} = {D4E598A0-54D5-ABF3-9A02-D725A2588835}
		{D74B69A8-474C-453D-8AE3-EE855E8380C7} = {BB3827F1-F3A2-E5D7-C0A8-E90CBCD5CE04}
		{72864FD9-ED91-416E-BCBC-2CACB2615370} = {C25702DB-39A4-0CB6-A032-8FAD1E825EAA}
	EndGlobalSection
	GlobalSection(ExtensibilityGlobals) = postSolution
		SolutionGuid = {DED6ABBB-F1E5-40CF-8F81-55F7455D035C}
	EndGlobalSection
EndGlobal
